
Microsoft Visual Studio Solution File, Format Version 12.00
# Visual Studio 15
VisualStudioVersion = 15.0.28010.2041
MinimumVisualStudioVersion = 10.0.40219.1
Project("{FAE04EC0-301F-11D3-BF4B-00C04F79EFBC}") = "ClassEnum", "ClassEnum\ClassEnum.csproj", "{FE42F759-5976-4040-8D06-043F7703EB89}"
EndProject
Global
	GlobalSection(SolutionConfigurationPlatforms) = preSolution
		Debug|Any CPU = Debug|Any CPU
		Release|Any CPU = Release|Any CPU
	EndGlobalSection
	GlobalSection(ProjectConfigurationPlatforms) = postSolution
		{FE42F759-5976-4040-8D06-043F7703EB89}.Debug|Any CPU.ActiveCfg = Debug|Any CPU
		{FE42F759-5976-4040-8D06-043F7703EB89}.Debug|Any CPU.Build.0 = Debug|Any CPU
		{FE42F759-5976-4040-8D06-043F7703EB89}.Release|Any CPU.ActiveCfg = Release|Any CPU
		{FE42F759-5976-4040-8D06-043F7703EB89}.Release|Any CPU.Build.0 = Release|Any CPU
	EndGlobalSection
	GlobalSection(SolutionProperties) = preSolution
		HideSolutionNode = FALSE
	EndGlobalSection
	GlobalSection(ExtensibilityGlobals) = postSolution
		SolutionGuid = {2E0DB85C-0FD9-4491-B980-6B139B897171}
	EndGlobalSection
EndGlobal
